#MicroXplorer Configuration settings - do not modify
Mcu.Family=STM32F0
ProjectManager.MainLocation=Core/Src
RCC.USART1Freq_Value=48000000
ProjectManager.ProjectFileName=1_Bink_LED.ioc
ProjectManager.KeepUserCode=true
Mcu.UserName=STM32F030F4Px
Mcu.PinsNb=9
Dma.ADC.0.Mode=DMA_CIRCULAR
ProjectManager.NoMain=false
USART1.BaudRate=115200
RCC.PLLCLKFreq_Value=48000000
ProjectManager.functionlistsort=1-MX_GPIO_Init-GPIO-false-HAL-true,2-MX_DMA_Init-DMA-false-HAL-true,3-SystemClock_Config-RCC-false-HAL-false,4-MX_ADC_Init-ADC-false-HAL-true,5-MX_USART1_UART_Init-USART1-false-HAL-true
Dma.ADC.0.Priority=DMA_PRIORITY_LOW
ProjectManager.DefaultFWLocation=true
ADC.IPParameters=ContinuousConvMode,SamplingTime,DMAContinuousRequests
NVIC.SVC_IRQn=true\:0\:0\:false\:false\:true\:false\:false
ProjectManager.DeletePrevious=true
USART1.IPParameters=VirtualMode-Asynchronous,BaudRate
PinOutPanel.RotationAngle=0
RCC.FamilyName=M
RCC.SYSCLKSource=RCC_SYSCLKSOURCE_PLLCLK
ProjectManager.StackSize=0x400
Dma.ADC.0.PeriphDataAlignment=DMA_PDATAALIGN_HALFWORD
USART1.VirtualMode-Asynchronous=VM_ASYNC
PA3.Mode=Asynchronous
PA13.Signal=SYS_SWDIO
Mcu.IP4=SYS
RCC.FCLKCortexFreq_Value=48000000
Mcu.IP5=USART1
Mcu.IP2=NVIC
Mcu.IP3=RCC
Mcu.IP0=ADC
Mcu.IP1=DMA
Mcu.UserConstants=
ProjectManager.TargetToolchain=STM32CubeIDE
Mcu.ThirdPartyNb=0
Dma.ADC.0.PeriphInc=DMA_PINC_DISABLE
RCC.HCLKFreq_Value=48000000
Mcu.IPNb=6
ProjectManager.PreviousToolchain=
Mcu.Pin6=PA13
Mcu.Pin7=PA14
ProjectManager.RegisterCallBack=
Mcu.Pin8=VP_SYS_VS_Systick
RCC.AHBFreq_Value=48000000
Mcu.Pin0=PF0-OSC_IN
Mcu.Pin1=PF1-OSC_OUT
PF0-OSC_IN.Mode=HSE-External-Oscillator
Dma.ADC.0.Direction=DMA_PERIPH_TO_MEMORY
Mcu.Pin2=PA0
Mcu.Pin3=PA2
Mcu.Pin4=PA3
ADC.SamplingTime=ADC_SAMPLETIME_71CYCLES_5
Mcu.Pin5=PA4
ProjectManager.ProjectBuild=false
ADC.DMAContinuousRequests=ENABLE
board=custom
PA4.Locked=true
NVIC.SysTick_IRQn=true\:0\:0\:false\:false\:true\:false\:true
ProjectManager.LastFirmware=true
RCC.PLLMUL=RCC_PLL_MUL12
Dma.ADC.0.RequestParameters=Instance,Direction,PeriphInc,MemInc,PeriphDataAlignment,MemDataAlignment,Mode,Priority
ProjectManager.FirmwarePackage=STM32Cube FW_F0 V1.11.2
MxDb.Version=DB.6.0.20
ProjectManager.BackupPrevious=false
MxCube.Version=6.2.0
PA14.Mode=Serial_Wire
File.Version=6
VP_SYS_VS_Systick.Mode=SysTick
PA0.Mode=IN0
NVIC.NonMaskableInt_IRQn=true\:0\:0\:false\:false\:true\:false\:false
NVIC.PendSV_IRQn=true\:0\:0\:false\:false\:true\:false\:false
PA13.Mode=Serial_Wire
ProjectManager.FreePins=false
RCC.IPParameters=AHBFreq_Value,APB1Freq_Value,APB1TimFreq_Value,FCLKCortexFreq_Value,FamilyName,HCLKFreq_Value,PLLCLKFreq_Value,PLLMUL,SYSCLKFreq_VALUE,SYSCLKSource,TimSysFreq_Value,USART1Freq_Value
ProjectManager.AskForMigrate=true
Mcu.Name=STM32F030F4Px
Dma.RequestsNb=1
ProjectManager.HalAssertFull=false
PA2.Signal=USART1_TX
ProjectManager.ProjectName=1_Bink_LED
ProjectManager.UnderRoot=true
PA0.Signal=ADC_IN0
Dma.ADC.0.MemInc=DMA_MINC_ENABLE
ProjectManager.CoupleFile=false
PA4.Signal=GPIO_Output
RCC.SYSCLKFreq_VALUE=48000000
Mcu.Package=TSSOP20
RCC.TimSysFreq_Value=48000000
NVIC.ForceEnableDMAVector=true
KeepUserPlacement=false
ProjectManager.CompilerOptimize=6
ProjectManager.ToolChainLocation=
Dma.ADC.0.Instance=DMA1_Channel1
VP_SYS_VS_Systick.Signal=SYS_VS_Systick
PA14.Signal=SYS_SWCLK
ProjectManager.HeapSize=0x200
NVIC.HardFault_IRQn=true\:0\:0\:false\:false\:true\:false\:false
ProjectManager.ComputerToolchain=false
Dma.ADC.0.MemDataAlignment=DMA_MDATAALIGN_HALFWORD
RCC.APB1TimFreq_Value=48000000
PA2.Mode=Asynchronous
NVIC.DMA1_Channel1_IRQn=true\:0\:0\:false\:false\:true\:false\:true
PF0-OSC_IN.Signal=RCC_OSC_IN
PF1-OSC_OUT.Mode=HSE-External-Oscillator
Dma.Request0=ADC
RCC.APB1Freq_Value=48000000
ADC.ContinuousConvMode=ENABLE
ProjectManager.CustomerFirmwarePackage=
ProjectManager.DeviceId=STM32F030F4Px
PF1-OSC_OUT.Signal=RCC_OSC_OUT
ProjectManager.LibraryCopy=1
PA3.Signal=USART1_RX
isbadioc=false
