#MicroXplorer Configuration settings - do not modify
Mcu.Family=STM32F0
NVIC.SysTick_IRQn=true\:0\:0\:false\:false\:true\:false\:true
ProjectManager.LastFirmware=true
RCC.PLLMUL=RCC_PLL_MUL12
ProjectManager.MainLocation=Core/Src
ProjectManager.FirmwarePackage=STM32Cube FW_F0 V1.11.2
MxDb.Version=DB.6.0.21
RCC.USART1Freq_Value=48000000
ProjectManager.ProjectFileName=1_Pulse_Sensor.ioc
ProjectManager.BackupPrevious=false
MxCube.Version=6.2.1
ProjectManager.KeepUserCode=true
Mcu.UserName=STM32F030F4Px
PA14.Mode=Serial_Wire
Mcu.PinsNb=6
ProjectManager.NoMain=false
File.Version=6
VP_SYS_VS_Systick.Mode=SysTick
PA0.Mode=IN0
RCC.PLLCLKFreq_Value=48000000
NVIC.NonMaskableInt_IRQn=true\:0\:0\:false\:false\:true\:false\:false
NVIC.PendSV_IRQn=true\:0\:0\:false\:false\:true\:false\:false
ProjectManager.functionlistsort=1-MX_GPIO_Init-GPIO-false-HAL-true,2-SystemClock_Config-RCC-false-HAL-false,3-MX_ADC_Init-ADC-false-HAL-true
PA13.Mode=Serial_Wire
ProjectManager.FreePins=false
RCC.IPParameters=AHBFreq_Value,APB1Freq_Value,APB1TimFreq_Value,FCLKCortexFreq_Value,FamilyName,HCLKFreq_Value,PLLCLKFreq_Value,PLLMUL,SYSCLKFreq_VALUE,SYSCLKSource,TimSysFreq_Value,USART1Freq_Value
ProjectManager.DefaultFWLocation=true
ProjectManager.AskForMigrate=true
Mcu.Name=STM32F030F4Px
ADC.IPParameters=ContinuousConvMode,DMAContinuousRequests,SamplingTime
ProjectManager.HalAssertFull=false
NVIC.SVC_IRQn=true\:0\:0\:false\:false\:true\:false\:false
ProjectManager.DeletePrevious=true
ProjectManager.ProjectName=1_Pulse_Sensor
ProjectManager.UnderRoot=true
PA0.Signal=ADC_IN0
ProjectManager.CoupleFile=false
RCC.SYSCLKFreq_VALUE=48000000
PinOutPanel.RotationAngle=0
Mcu.Package=TSSOP20
RCC.FamilyName=M
RCC.TimSysFreq_Value=48000000
RCC.SYSCLKSource=RCC_SYSCLKSOURCE_PLLCLK
ProjectManager.StackSize=0x400
NVIC.ForceEnableDMAVector=true
KeepUserPlacement=false
PA13.Signal=SYS_SWDIO
RCC.FCLKCortexFreq_Value=48000000
ProjectManager.CompilerOptimize=6
Mcu.IP2=RCC
ProjectManager.ToolChainLocation=
Mcu.IP3=SYS
VP_SYS_VS_Systick.Signal=SYS_VS_Systick
Mcu.IP0=ADC
Mcu.IP1=NVIC
PA14.Signal=SYS_SWCLK
ProjectManager.HeapSize=0x200
NVIC.HardFault_IRQn=true\:0\:0\:false\:false\:true\:false\:false
Mcu.UserConstants=
ProjectManager.TargetToolchain=STM32CubeIDE
ProjectManager.ComputerToolchain=false
Mcu.ThirdPartyNb=0
RCC.HCLKFreq_Value=48000000
Mcu.IPNb=4
ProjectManager.PreviousToolchain=
RCC.APB1TimFreq_Value=48000000
ProjectManager.RegisterCallBack=
PF0-OSC_IN.Signal=RCC_OSC_IN
PF1-OSC_OUT.Mode=HSE-External-Oscillator
RCC.APB1Freq_Value=48000000
RCC.AHBFreq_Value=48000000
ADC.ContinuousConvMode=ENABLE
Mcu.Pin0=PF0-OSC_IN
Mcu.Pin1=PF1-OSC_OUT
PF0-OSC_IN.Mode=HSE-External-Oscillator
GPIO.groupedBy=Group By Peripherals
Mcu.Pin2=PA0
ProjectManager.CustomerFirmwarePackage=
Mcu.Pin3=PA13
ProjectManager.DeviceId=STM32F030F4Px
Mcu.Pin4=PA14
ADC.SamplingTime=ADC_SAMPLETIME_239CYCLES_5
PF1-OSC_OUT.Signal=RCC_OSC_OUT
Mcu.Pin5=VP_SYS_VS_Systick
ProjectManager.LibraryCopy=1
ProjectManager.ProjectBuild=false
ADC.DMAContinuousRequests=DISABLE
board=custom
isbadioc=false
